
Microsoft Visual Studio Solution File, Format Version 12.00
# Visual Studio Version 17
VisualStudioVersion = 17.5.33530.505
MinimumVisualStudioVersion = 10.0.40219.1
Project("{8BC9CEB8-8B4A-11D0-8D11-00A0C91BC942}") = "ProtectionUserMode", "ProtectionUserMode\ProtectionUserMode.vcxproj", "{46196C2B-585E-4ECB-8918-C908D535A0ED}"
EndProject
Project("{8BC9CEB8-8B4A-11D0-8D11-00A0C91BC942}") = "ProtectionKernelMode", "ProtectionKernelMode\ProtectionKernelMode.vcxproj", "{04B9F71D-2AD9-464E-888E-7B54E3E0CE46}"
EndProject
Global
	GlobalSection(SolutionConfigurationPlatforms) = preSolution
		Debug|ARM64 = Debug|ARM64
		Debug|x64 = Debug|x64
		Debug|x86 = Debug|x86
		Release|ARM64 = Release|ARM64
		Release|x64 = Release|x64
		Release|x86 = Release|x86
	EndGlobalSection
	GlobalSection(ProjectConfigurationPlatforms) = postSolution
		{46196C2B-585E-4ECB-8918-C908D535A0ED}.Debug|ARM64.ActiveCfg = Debug|x64
		{46196C2B-585E-4ECB-8918-C908D535A0ED}.Debug|ARM64.Build.0 = Debug|x64
		{46196C2B-585E-4ECB-8918-C908D535A0ED}.Debug|x64.ActiveCfg = Debug|x64
		{46196C2B-585E-4ECB-8918-C908D535A0ED}.Debug|x64.Build.0 = Debug|x64
		{46196C2B-585E-4ECB-8918-C908D535A0ED}.Debug|x86.ActiveCfg = Debug|Win32
		{46196C2B-585E-4ECB-8918-C908D535A0ED}.Debug|x86.Build.0 = Debug|Win32
		{46196C2B-585E-4ECB-8918-C908D535A0ED}.Release|ARM64.ActiveCfg = Release|x64
		{46196C2B-585E-4ECB-8918-C908D535A0ED}.Release|ARM64.Build.0 = Release|x64
		{46196C2B-585E-4ECB-8918-C908D535A0ED}.Release|x64.ActiveCfg = Release|x64
		{46196C2B-585E-4ECB-8918-C908D535A0ED}.Release|x64.Build.0 = Release|x64
		{46196C2B-585E-4ECB-8918-C908D535A0ED}.Release|x86.ActiveCfg = Release|Win32
		{46196C2B-585E-4ECB-8918-C908D535A0ED}.Release|x86.Build.0 = Release|Win32
		{04B9F71D-2AD9-464E-888E-7B54E3E0CE46}.Debug|ARM64.ActiveCfg = Debug|ARM64
		{04B9F71D-2AD9-464E-888E-7B54E3E0CE46}.Debug|ARM64.Build.0 = Debug|ARM64
		{04B9F71D-2AD9-464E-888E-7B54E3E0CE46}.Debug|ARM64.Deploy.0 = Debug|ARM64
		{04B9F71D-2AD9-464E-888E-7B54E3E0CE46}.Debug|x64.ActiveCfg = Debug|x64
		{04B9F71D-2AD9-464E-888E-7B54E3E0CE46}.Debug|x64.Build.0 = Debug|x64
		{04B9F71D-2AD9-464E-888E-7B54E3E0CE46}.Debug|x64.Deploy.0 = Debug|x64
		{04B9F71D-2AD9-464E-888E-7B54E3E0CE46}.Debug|x86.ActiveCfg = Debug|x64
		{04B9F71D-2AD9-464E-888E-7B54E3E0CE46}.Debug|x86.Build.0 = Debug|x64
		{04B9F71D-2AD9-464E-888E-7B54E3E0CE46}.Debug|x86.Deploy.0 = Debug|x64
		{04B9F71D-2AD9-464E-888E-7B54E3E0CE46}.Release|ARM64.ActiveCfg = Release|ARM64
		{04B9F71D-2AD9-464E-888E-7B54E3E0CE46}.Release|ARM64.Build.0 = Release|ARM64
		{04B9F71D-2AD9-464E-888E-7B54E3E0CE46}.Release|ARM64.Deploy.0 = Release|ARM64
		{04B9F71D-2AD9-464E-888E-7B54E3E0CE46}.Release|x64.ActiveCfg = Release|x64
		{04B9F71D-2AD9-464E-888E-7B54E3E0CE46}.Release|x64.Build.0 = Release|x64
		{04B9F71D-2AD9-464E-888E-7B54E3E0CE46}.Release|x64.Deploy.0 = Release|x64
		{04B9F71D-2AD9-464E-888E-7B54E3E0CE46}.Release|x86.ActiveCfg = Release|x64
		{04B9F71D-2AD9-464E-888E-7B54E3E0CE46}.Release|x86.Build.0 = Release|x64
		{04B9F71D-2AD9-464E-888E-7B54E3E0CE46}.Release|x86.Deploy.0 = Release|x64
	EndGlobalSection
	GlobalSection(SolutionProperties) = preSolution
		HideSolutionNode = FALSE
	EndGlobalSection
	GlobalSection(ExtensibilityGlobals) = postSolution
		SolutionGuid = {1EA38C0B-E37A-4AF2-B6F4-8C273D78202D}
	EndGlobalSection
EndGlobal
